// !$*UTF8*$!
{
	archiveVersion = 1;
	classes = {
	};
	objectVersion = 46;
	objects = {

/* Begin PBXBuildFile section */
		B069DCFB1E640DB5008FB2F5 /* main.m in Sources */ = {isa = PBXBuildFile; fileRef = B069DCFA1E640DB5008FB2F5 /* main.m */; };
		B069DCFE1E640DB5008FB2F5 /* AppDelegate.m in Sources */ = {isa = PBXBuildFile; fileRef = B069DCFD1E640DB5008FB2F5 /* AppDelegate.m */; };
		B069DD011E640DB5008FB2F5 /* ViewController.m in Sources */ = {isa = PBXBuildFile; fileRef = B069DD001E640DB5008FB2F5 /* ViewController.m */; };
		B069DD041E640DB5008FB2F5 /* Main.storyboard in Resources */ = {isa = PBXBuildFile; fileRef = B069DD021E640DB5008FB2F5 /* Main.storyboard */; };
		B069DD061E640DB5008FB2F5 /* Assets.xcassets in Resources */ = {isa = PBXBuildFile; fileRef = B069DD051E640DB5008FB2F5 /* Assets.xcassets */; };
		B069DD091E640DB5008FB2F5 /* LaunchScreen.storyboard in Resources */ = {isa = PBXBuildFile; fileRef = B069DD071E640DB5008FB2F5 /* LaunchScreen.storyboard */; };
		B069DD141E640DB5008FB2F5 /* Runtime______Tests.m in Sources */ = {isa = PBXBuildFile; fileRef = B069DD131E640DB5008FB2F5 /* Runtime______Tests.m */; };
		B069DD1F1E640DB6008FB2F5 /* Runtime______UITests.m in Sources */ = {isa = PBXBuildFile; fileRef = B069DD1E1E640DB6008FB2F5 /* Runtime______UITests.m */; };
		B069DD2E1E640DC5008FB2F5 /* Person.m in Sources */ = {isa = PBXBuildFile; fileRef = B069DD2D1E640DC5008FB2F5 /* Person.m */; };
/* End PBXBuildFile section */

/* Begin PBXContainerItemProxy section */
		B069DD101E640DB5008FB2F5 /* PBXContainerItemProxy */ = {
			isa = PBXContainerItemProxy;
			containerPortal = B069DCEE1E640DB5008FB2F5 /* Project object */;
			proxyType = 1;
			remoteGlobalIDString = B069DCF51E640DB5008FB2F5;
			remoteInfo = "Runtime 资料归档篇";
		};
		B069DD1B1E640DB6008FB2F5 /* PBXContainerItemProxy */ = {
			isa = PBXContainerItemProxy;
			containerPortal = B069DCEE1E640DB5008FB2F5 /* Project object */;
			proxyType = 1;
			remoteGlobalIDString = B069DCF51E640DB5008FB2F5;
			remoteInfo = "Runtime 资料归档篇";
		};
/* End PBXContainerItemProxy section */

/* Begin PBXFileReference section */
		B069DCF61E640DB5008FB2F5 /* Runtime 资料归档篇.app */ = {isa = PBXFileReference; explicitFileType = wrapper.application; includeInIndex = 0; path = "Runtime 资料归档篇.app"; sourceTree = BUILT_PRODUCTS_DIR; };
		B069DCFA1E640DB5008FB2F5 /* main.m */ = {isa = PBXFileReference; lastKnownFileType = sourcecode.c.objc; path = main.m; sourceTree = "<group>"; };
		B069DCFC1E640DB5008FB2F5 /* AppDelegate.h */ = {isa = PBXFileReference; lastKnownFileType = sourcecode.c.h; path = AppDelegate.h; sourceTree = "<group>"; };
		B069DCFD1E640DB5008FB2F5 /* AppDelegate.m */ = {isa = PBXFileReference; lastKnownFileType = sourcecode.c.objc; path = AppDelegate.m; sourceTree = "<group>"; };
		B069DCFF1E640DB5008FB2F5 /* ViewController.h */ = {isa = PBXFileReference; lastKnownFileType = sourcecode.c.h; path = ViewController.h; sourceTree = "<group>"; };
		B069DD001E640DB5008FB2F5 /* ViewController.m */ = {isa = PBXFileReference; lastKnownFileType = sourcecode.c.objc; path = ViewController.m; sourceTree = "<group>"; };
		B069DD031E640DB5008FB2F5 /* Base */ = {isa = PBXFileReference; lastKnownFileType = file.storyboard; name = Base; path = Base.lproj/Main.storyboard; sourceTree = "<group>"; };
		B069DD051E640DB5008FB2F5 /* Assets.xcassets */ = {isa = PBXFileReference; lastKnownFileType = folder.assetcatalog; path = Assets.xcassets; sourceTree = "<group>"; };
		B069DD081E640DB5008FB2F5 /* Base */ = {isa = PBXFileReference; lastKnownFileType = file.storyboard; name = Base; path = Base.lproj/LaunchScreen.storyboard; sourceTree = "<group>"; };
		B069DD0A1E640DB5008FB2F5 /* Info.plist */ = {isa = PBXFileReference; lastKnownFileType = text.plist.xml; path = Info.plist; sourceTree = "<group>"; };
		B069DD0F1E640DB5008FB2F5 /* Runtime 资料归档篇Tests.xctest */ = {isa = PBXFileReference; explicitFileType = wrapper.cfbundle; includeInIndex = 0; path = "Runtime 资料归档篇Tests.xctest"; sourceTree = BUILT_PRODUCTS_DIR; };
		B069DD131E640DB5008FB2F5 /* Runtime______Tests.m */ = {isa = PBXFileReference; lastKnownFileType = sourcecode.c.objc; path = "Runtime______Tests.m"; sourceTree = "<group>"; };
		B069DD151E640DB6008FB2F5 /* Info.plist */ = {isa = PBXFileReference; lastKnownFileType = text.plist.xml; path = Info.plist; sourceTree = "<group>"; };
		B069DD1A1E640DB6008FB2F5 /* Runtime 资料归档篇UITests.xctest */ = {isa = PBXFileReference; explicitFileType = wrapper.cfbundle; includeInIndex = 0; path = "Runtime 资料归档篇UITests.xctest"; sourceTree = BUILT_PRODUCTS_DIR; };
		B069DD1E1E640DB6008FB2F5 /* Runtime______UITests.m */ = {isa = PBXFileReference; lastKnownFileType = sourcecode.c.objc; path = "Runtime______UITests.m"; sourceTree = "<group>"; };
		B069DD201E640DB6008FB2F5 /* Info.plist */ = {isa = PBXFileReference; lastKnownFileType = text.plist.xml; path = Info.plist; sourceTree = "<group>"; };
		B069DD2C1E640DC5008FB2F5 /* Person.h */ = {isa = PBXFileReference; fileEncoding = 4; lastKnownFileType = sourcecode.c.h; path = Person.h; sourceTree = "<group>"; };
		B069DD2D1E640DC5008FB2F5 /* Person.m */ = {isa = PBXFileReference; fileEncoding = 4; lastKnownFileType = sourcecode.c.objc; path = Person.m; sourceTree = "<group>"; };
/* End PBXFileReference section */

/* Begin PBXFrameworksBuildPhase section */
		B069DCF31E640DB5008FB2F5 /* Frameworks */ = {
			isa = PBXFrameworksBuildPhase;
			buildActionMask = 2147483647;
			files = (
			);
			runOnlyForDeploymentPostprocessing = 0;
		};
		B069DD0C1E640DB5008FB2F5 /* Frameworks */ = {
			isa = PBXFrameworksBuildPhase;
			buildActionMask = 2147483647;
			files = (
			);
			runOnlyForDeploymentPostprocessing = 0;
		};
		B069DD171E640DB6008FB2F5 /* Frameworks */ = {
			isa = PBXFrameworksBuildPhase;
			buildActionMask = 2147483647;
			files = (
			);
			runOnlyForDeploymentPostprocessing = 0;
		};
/* End PBXFrameworksBuildPhase section */

/* Begin PBXGroup section */
		B069DCED1E640DB5008FB2F5 = {
			isa = PBXGroup;
			children = (
				B069DCF81E640DB5008FB2F5 /* Runtime 资料归档篇 */,
				B069DD121E640DB5008FB2F5 /* Runtime 资料归档篇Tests */,
				B069DD1D1E640DB6008FB2F5 /* Runtime 资料归档篇UITests */,
				B069DCF71E640DB5008FB2F5 /* Products */,
			);
			sourceTree = "<group>";
		};
		B069DCF71E640DB5008FB2F5 /* Products */ = {
			isa = PBXGroup;
			children = (
				B069DCF61E640DB5008FB2F5 /* Runtime 资料归档篇.app */,
				B069DD0F1E640DB5008FB2F5 /* Runtime 资料归档篇Tests.xctest */,
				B069DD1A1E640DB6008FB2F5 /* Runtime 资料归档篇UITests.xctest */,
			);
			name = Products;
			sourceTree = "<group>";
		};
		B069DCF81E640DB5008FB2F5 /* Runtime 资料归档篇 */ = {
			isa = PBXGroup;
			children = (
				B069DCFC1E640DB5008FB2F5 /* AppDelegate.h */,
				B069DCFD1E640DB5008FB2F5 /* AppDelegate.m */,
				B069DCFF1E640DB5008FB2F5 /* ViewController.h */,
				B069DD001E640DB5008FB2F5 /* ViewController.m */,
				B069DD2C1E640DC5008FB2F5 /* Person.h */,
				B069DD2D1E640DC5008FB2F5 /* Person.m */,
				B069DD021E640DB5008FB2F5 /* Main.storyboard */,
				B069DD051E640DB5008FB2F5 /* Assets.xcassets */,
				B069DD071E640DB5008FB2F5 /* LaunchScreen.storyboard */,
				B069DD0A1E640DB5008FB2F5 /* Info.plist */,
				B069DCF91E640DB5008FB2F5 /* Supporting Files */,
			);
			path = "Runtime 资料归档篇";
			sourceTree = "<group>";
		};
		B069DCF91E640DB5008FB2F5 /* Supporting Files */ = {
			isa = PBXGroup;
			children = (
				B069DCFA1E640DB5008FB2F5 /* main.m */,
			);
			name = "Supporting Files";
			sourceTree = "<group>";
		};
		B069DD121E640DB5008FB2F5 /* Runtime 资料归档篇Tests */ = {
			isa = PBXGroup;
			children = (
				B069DD131E640DB5008FB2F5 /* Runtime______Tests.m */,
				B069DD151E640DB6008FB2F5 /* Info.plist */,
			);
			path = "Runtime 资料归档篇Tests";
			sourceTree = "<group>";
		};
		B069DD1D1E640DB6008FB2F5 /* Runtime 资料归档篇UITests */ = {
			isa = PBXGroup;
			children = (
				B069DD1E1E640DB6008FB2F5 /* Runtime______UITests.m */,
				B069DD201E640DB6008FB2F5 /* Info.plist */,
			);
			path = "Runtime 资料归档篇UITests";
			sourceTree = "<group>";
		};
/* End PBXGroup section */

/* Begin PBXNativeTarget section */
		B069DCF51E640DB5008FB2F5 /* Runtime 资料归档篇 */ = {
			isa = PBXNativeTarget;
			buildConfigurationList = B069DD231E640DB6008FB2F5 /* Build configuration list for PBXNativeTarget "Runtime 资料归档篇" */;
			buildPhases = (
				B069DCF21E640DB5008FB2F5 /* Sources */,
				B069DCF31E640DB5008FB2F5 /* Frameworks */,
				B069DCF41E640DB5008FB2F5 /* Resources */,
			);
			buildRules = (
			);
			dependencies = (
			);
			name = "Runtime 资料归档篇";
			productName = "Runtime 资料归档篇";
			productReference = B069DCF61E640DB5008FB2F5 /* Runtime 资料归档篇.app */;
			productType = "com.apple.product-type.application";
		};
		B069DD0E1E640DB5008FB2F5 /* Runtime 资料归档篇Tests */ = {
			isa = PBXNativeTarget;
			buildConfigurationList = B069DD261E640DB6008FB2F5 /* Build configuration list for PBXNativeTarget "Runtime 资料归档篇Tests" */;
			buildPhases = (
				B069DD0B1E640DB5008FB2F5 /* Sources */,
				B069DD0C1E640DB5008FB2F5 /* Frameworks */,
				B069DD0D1E640DB5008FB2F5 /* Resources */,
			);
			buildRules = (
			);
			dependencies = (
				B069DD111E640DB5008FB2F5 /* PBXTargetDependency */,
			);
			name = "Runtime 资料归档篇Tests";
			productName = "Runtime 资料归档篇Tests";
			productReference = B069DD0F1E640DB5008FB2F5 /* Runtime 资料归档篇Tests.xctest */;
			productType = "com.apple.product-type.bundle.unit-test";
		};
		B069DD191E640DB6008FB2F5 /* Runtime 资料归档篇UITests */ = {
			isa = PBXNativeTarget;
			buildConfigurationList = B069DD291E640DB6008FB2F5 /* Build configuration list for PBXNativeTarget "Runtime 资料归档篇UITests" */;
			buildPhases = (
				B069DD161E640DB6008FB2F5 /* Sources */,
				B069DD171E640DB6008FB2F5 /* Frameworks */,
				B069DD181E640DB6008FB2F5 /* Resources */,
			);
			buildRules = (
			);
			dependencies = (
				B069DD1C1E640DB6008FB2F5 /* PBXTargetDependency */,
			);
			name = "Runtime 资料归档篇UITests";
			productName = "Runtime 资料归档篇UITests";
			productReference = B069DD1A1E640DB6008FB2F5 /* Runtime 资料归档篇UITests.xctest */;
			productType = "com.apple.product-type.bundle.ui-testing";
		};
/* End PBXNativeTarget section */

/* Begin PBXProject section */
		B069DCEE1E640DB5008FB2F5 /* Project object */ = {
			isa = PBXProject;
			attributes = {
				LastUpgradeCheck = 0820;
				ORGANIZATIONNAME = feyddy;
				TargetAttributes = {
					B069DCF51E640DB5008FB2F5 = {
						CreatedOnToolsVersion = 8.2.1;
						ProvisioningStyle = Automatic;
					};
					B069DD0E1E640DB5008FB2F5 = {
						CreatedOnToolsVersion = 8.2.1;
						ProvisioningStyle = Automatic;
						TestTargetID = B069DCF51E640DB5008FB2F5;
					};
					B069DD191E640DB6008FB2F5 = {
						CreatedOnToolsVersion = 8.2.1;
						ProvisioningStyle = Automatic;
						TestTargetID = B069DCF51E640DB5008FB2F5;
					};
				};
			};
			buildConfigurationList = B069DCF11E640DB5008FB2F5 /* Build configuration list for PBXProject "Runtime 资料归档篇" */;
			compatibilityVersion = "Xcode 3.2";
			developmentRegion = English;
			hasScannedForEncodings = 0;
			knownRegions = (
				en,
				Base,
			);
			mainGroup = B069DCED1E640DB5008FB2F5;
			productRefGroup = B069DCF71E640DB5008FB2F5 /* Products */;
			projectDirPath = "";
			projectRoot = "";
			targets = (
				B069DCF51E640DB5008FB2F5 /* Runtime 资料归档篇 */,
				B069DD0E1E640DB5008FB2F5 /* Runtime 资料归档篇Tests */,
				B069DD191E640DB6008FB2F5 /* Runtime 资料归档篇UITests */,
			);
		};
/* End PBXProject section */

/* Begin PBXResourcesBuildPhase section */
		B069DCF41E640DB5008FB2F5 /* Resources */ = {
			isa = PBXResourcesBuildPhase;
			buildActionMask = 2147483647;
			files = (
				B069DD091E640DB5008FB2F5 /* LaunchScreen.storyboard in Resources */,
				B069DD061E640DB5008FB2F5 /* Assets.xcassets in Resources */,
				B069DD041E640DB5008FB2F5 /* Main.storyboard in Resources */,
			);
			runOnlyForDeploymentPostprocessing = 0;
		};
		B069DD0D1E640DB5008FB2F5 /* Resources */ = {
			isa = PBXResourcesBuildPhase;
			buildActionMask = 2147483647;
			files = (
			);
			runOnlyForDeploymentPostprocessing = 0;
		};
		B069DD181E640DB6008FB2F5 /* Resources */ = {
			isa = PBXResourcesBuildPhase;
			buildActionMask = 2147483647;
			files = (
			);
			runOnlyForDeploymentPostprocessing = 0;
		};
/* End PBXResourcesBuildPhase section */

/* Begin PBXSourcesBuildPhase section */
		B069DCF21E640DB5008FB2F5 /* Sources */ = {
			isa = PBXSourcesBuildPhase;
			buildActionMask = 2147483647;
			files = (
				B069DD011E640DB5008FB2F5 /* ViewController.m in Sources */,
				B069DCFE1E640DB5008FB2F5 /* AppDelegate.m in Sources */,
				B069DD2E1E640DC5008FB2F5 /* Person.m in Sources */,
				B069DCFB1E640DB5008FB2F5 /* main.m in Sources */,
			);
			runOnlyForDeploymentPostprocessing = 0;
		};
		B069DD0B1E640DB5008FB2F5 /* Sources */ = {
			isa = PBXSourcesBuildPhase;
			buildActionMask = 2147483647;
			files = (
				B069DD141E640DB5008FB2F5 /* Runtime______Tests.m in Sources */,
			);
			runOnlyForDeploymentPostprocessing = 0;
		};
		B069DD161E640DB6008FB2F5 /* Sources */ = {
			isa = PBXSourcesBuildPhase;
			buildActionMask = 2147483647;
			files = (
				B069DD1F1E640DB6008FB2F5 /* Runtime______UITests.m in Sources */,
			);
			runOnlyForDeploymentPostprocessing = 0;
		};
/* End PBXSourcesBuildPhase section */

/* Begin PBXTargetDependency section */
		B069DD111E640DB5008FB2F5 /* PBXTargetDependency */ = {
			isa = PBXTargetDependency;
			target = B069DCF51E640DB5008FB2F5 /* Runtime 资料归档篇 */;
			targetProxy = B069DD101E640DB5008FB2F5 /* PBXContainerItemProxy */;
		};
		B069DD1C1E640DB6008FB2F5 /* PBXTargetDependency */ = {
			isa = PBXTargetDependency;
			target = B069DCF51E640DB5008FB2F5 /* Runtime 资料归档篇 */;
			targetProxy = B069DD1B1E640DB6008FB2F5 /* PBXContainerItemProxy */;
		};
/* End PBXTargetDependency section */

/* Begin PBXVariantGroup section */
		B069DD021E640DB5008FB2F5 /* Main.storyboard */ = {
			isa = PBXVariantGroup;
			children = (
				B069DD031E640DB5008FB2F5 /* Base */,
			);
			name = Main.storyboard;
			sourceTree = "<group>";
		};
		B069DD071E640DB5008FB2F5 /* LaunchScreen.storyboard */ = {
			isa = PBXVariantGroup;
			children = (
				B069DD081E640DB5008FB2F5 /* Base */,
			);
			name = LaunchScreen.storyboard;
			sourceTree = "<group>";
		};
/* End PBXVariantGroup section */

/* Begin XCBuildConfiguration section */
		B069DD211E640DB6008FB2F5 /* Debug */ = {
			isa = XCBuildConfiguration;
			buildSettings = {
				ALWAYS_SEARCH_USER_PATHS = NO;
				CLANG_ANALYZER_NONNULL = YES;
				CLANG_CXX_LANGUAGE_STANDARD = "gnu++0x";
				CLANG_CXX_LIBRARY = "libc++";
				CLANG_ENABLE_MODULES = YES;
				CLANG_ENABLE_OBJC_ARC = YES;
				CLANG_WARN_BOOL_CONVERSION = YES;
				CLANG_WARN_CONSTANT_CONVERSION = YES;
				CLANG_WARN_DIRECT_OBJC_ISA_USAGE = YES_ERROR;
				CLANG_WARN_DOCUMENTATION_COMMENTS = YES;
				CLANG_WARN_EMPTY_BODY = YES;
				CLANG_WARN_ENUM_CONVERSION = YES;
				CLANG_WARN_INFINITE_RECURSION = YES;
				CLANG_WARN_INT_CONVERSION = YES;
				CLANG_WARN_OBJC_ROOT_CLASS = YES_ERROR;
				CLANG_WARN_SUSPICIOUS_MOVE = YES;
				CLANG_WARN_UNREACHABLE_CODE = YES;
				CLANG_WARN__DUPLICATE_METHOD_MATCH = YES;
				"CODE_SIGN_IDENTITY[sdk=iphoneos*]" = "iPhone Developer";
				COPY_PHASE_STRIP = NO;
				DEBUG_INFORMATION_FORMAT = dwarf;
				ENABLE_STRICT_OBJC_MSGSEND = YES;
				ENABLE_TESTABILITY = YES;
				GCC_C_LANGUAGE_STANDARD = gnu99;
				GCC_DYNAMIC_NO_PIC = NO;
				GCC_NO_COMMON_BLOCKS = YES;
				GCC_OPTIMIZATION_LEVEL = 0;
				GCC_PREPROCESSOR_DEFINITIONS = (
					"DEBUG=1",
					"$(inherited)",
				);
				GCC_WARN_64_TO_32_BIT_CONVERSION = YES;
				GCC_WARN_ABOUT_RETURN_TYPE = YES_ERROR;
				GCC_WARN_UNDECLARED_SELECTOR = YES;
				GCC_WARN_UNINITIALIZED_AUTOS = YES_AGGRESSIVE;
				GCC_WARN_UNUSED_FUNCTION = YES;
				GCC_WARN_UNUSED_VARIABLE = YES;
				IPHONEOS_DEPLOYMENT_TARGET = 10.2;
				MTL_ENABLE_DEBUG_INFO = YES;
				ONLY_ACTIVE_ARCH = YES;
				SDKROOT = iphoneos;
			};
			name = Debug;
		};
		B069DD221E640DB6008FB2F5 /* Release */ = {
			isa = XCBuildConfiguration;
			buildSettings = {
				ALWAYS_SEARCH_USER_PATHS = NO;
				CLANG_ANALYZER_NONNULL = YES;
				CLANG_CXX_LANGUAGE_STANDARD = "gnu++0x";
				CLANG_CXX_LIBRARY = "libc++";
				CLANG_ENABLE_MODULES = YES;
				CLANG_ENABLE_OBJC_ARC = YES;
				CLANG_WARN_BOOL_CONVERSION = YES;
				CLANG_WARN_CONSTANT_CONVERSION = YES;
				CLANG_WARN_DIRECT_OBJC_ISA_USAGE = YES_ERROR;
				CLANG_WARN_DOCUMENTATION_COMMENTS = YES;
				CLANG_WARN_EMPTY_BODY = YES;
				CLANG_WARN_ENUM_CONVERSION = YES;
				CLANG_WARN_INFINITE_RECURSION = YES;
				CLANG_WARN_INT_CONVERSION = YES;
				CLANG_WARN_OBJC_ROOT_CLASS = YES_ERROR;
				CLANG_WARN_SUSPICIOUS_MOVE = YES;
				CLANG_WARN_UNREACHABLE_CODE = YES;
				CLANG_WARN__DUPLICATE_METHOD_MATCH = YES;
				"CODE_SIGN_IDENTITY[sdk=iphoneos*]" = "iPhone Developer";
				COPY_PHASE_STRIP = NO;
				DEBUG_INFORMATION_FORMAT = "dwarf-with-dsym";
				ENABLE_NS_ASSERTIONS = NO;
				ENABLE_STRICT_OBJC_MSGSEND = YES;
				GCC_C_LANGUAGE_STANDARD = gnu99;
				GCC_NO_COMMON_BLOCKS = YES;
				GCC_WARN_64_TO_32_BIT_CONVERSION = YES;
				GCC_WARN_ABOUT_RETURN_TYPE = YES_ERROR;
				GCC_WARN_UNDECLARED_SELECTOR = YES;
				GCC_WARN_UNINITIALIZED_AUTOS = YES_AGGRESSIVE;
				GCC_WARN_UNUSED_FUNCTION = YES;
				GCC_WARN_UNUSED_VARIABLE = YES;
				IPHONEOS_DEPLOYMENT_TARGET = 10.2;
				MTL_ENABLE_DEBUG_INFO = NO;
				SDKROOT = iphoneos;
				VALIDATE_PRODUCT = YES;
			};
			name = Release;
		};
		B069DD241E640DB6008FB2F5 /* Debug */ = {
			isa = XCBuildConfiguration;
			buildSettings = {
				ASSETCATALOG_COMPILER_APPICON_NAME = AppIcon;
				INFOPLIST_FILE = "Runtime 资料归档篇/Info.plist";
				LD_RUNPATH_SEARCH_PATHS = "$(inherited) @executable_path/Frameworks";
				PRODUCT_BUNDLE_IDENTIFIER = "feyddy.Runtime------";
				PRODUCT_NAME = "$(TARGET_NAME)";
			};
			name = Debug;
		};
		B069DD251E640DB6008FB2F5 /* Release */ = {
			isa = XCBuildConfiguration;
			buildSettings = {
				ASSETCATALOG_COMPILER_APPICON_NAME = AppIcon;
				INFOPLIST_FILE = "Runtime 资料归档篇/Info.plist";
				LD_RUNPATH_SEARCH_PATHS = "$(inherited) @executable_path/Frameworks";
				PRODUCT_BUNDLE_IDENTIFIER = "feyddy.Runtime------";
				PRODUCT_NAME = "$(TARGET_NAME)";
			};
			name = Release;
		};
		B069DD271E640DB6008FB2F5 /* Debug */ = {
			isa = XCBuildConfiguration;
			buildSettings = {
				BUNDLE_LOADER = "$(TEST_HOST)";
				INFOPLIST_FILE = "Runtime 资料归档篇Tests/Info.plist";
				LD_RUNPATH_SEARCH_PATHS = "$(inherited) @executable_path/Frameworks @loader_path/Frameworks";
				PRODUCT_BUNDLE_IDENTIFIER = "feyddy.Runtime------Tests";
				PRODUCT_NAME = "$(TARGET_NAME)";
				TEST_HOST = "$(BUILT_PRODUCTS_DIR)/Runtime 资料归档篇.app/Runtime 资料归档篇";
			};
			name = Debug;
		};
		B069DD281E640DB6008FB2F5 /* Release */ = {
			isa = XCBuildConfiguration;
			buildSettings = {
				BUNDLE_LOADER = "$(TEST_HOST)";
				INFOPLIST_FILE = "Runtime 资料归档篇Tests/Info.plist";
				LD_RUNPATH_SEARCH_PATHS = "$(inherited) @executable_path/Frameworks @loader_path/Frameworks";
				PRODUCT_BUNDLE_IDENTIFIER = "feyddy.Runtime------Tests";
				PRODUCT_NAME = "$(TARGET_NAME)";
				TEST_HOST = "$(BUILT_PRODUCTS_DIR)/Runtime 资料归档篇.app/Runtime 资料归档篇";
			};
			name = Release;
		};
		B069DD2A1E640DB6008FB2F5 /* Debug */ = {
			isa = XCBuildConfiguration;
			buildSettings = {
				INFOPLIST_FILE = "Runtime 资料归档篇UITests/Info.plist";
				LD_RUNPATH_SEARCH_PATHS = "$(inherited) @executable_path/Frameworks @loader_path/Frameworks";
				PRODUCT_BUNDLE_IDENTIFIER = "feyddy.Runtime------UITests";
				PRODUCT_NAME = "$(TARGET_NAME)";
				TEST_TARGET_NAME = "Runtime 资料归档篇";
			};
			name = Debug;
		};
		B069DD2B1E640DB6008FB2F5 /* Release */ = {
			isa = XCBuildConfiguration;
			buildSettings = {
				INFOPLIST_FILE = "Runtime 资料归档篇UITests/Info.plist";
				LD_RUNPATH_SEARCH_PATHS = "$(inherited) @executable_path/Frameworks @loader_path/Frameworks";
				PRODUCT_BUNDLE_IDENTIFIER = "feyddy.Runtime------UITests";
				PRODUCT_NAME = "$(TARGET_NAME)";
				TEST_TARGET_NAME = "Runtime 资料归档篇";
			};
			name = Release;
		};
/* End XCBuildConfiguration section */

/* Begin XCConfigurationList section */
		B069DCF11E640DB5008FB2F5 /* Build configuration list for PBXProject "Runtime 资料归档篇" */ = {
			isa = XCConfigurationList;
			buildConfigurations = (
				B069DD211E640DB6008FB2F5 /* Debug */,
				B069DD221E640DB6008FB2F5 /* Release */,
			);
			defaultConfigurationIsVisible = 0;
			defaultConfigurationName = Release;
		};
		B069DD231E640DB6008FB2F5 /* Build configuration list for PBXNativeTarget "Runtime 资料归档篇" */ = {
			isa = XCConfigurationList;
			buildConfigurations = (
				B069DD241E640DB6008FB2F5 /* Debug */,
				B069DD251E640DB6008FB2F5 /* Release */,
			);
			defaultConfigurationIsVisible = 0;
		};
		B069DD261E640DB6008FB2F5 /* Build configuration list for PBXNativeTarget "Runtime 资料归档篇Tests" */ = {
			isa = XCConfigurationList;
			buildConfigurations = (
				B069DD271E640DB6008FB2F5 /* Debug */,
				B069DD281E640DB6008FB2F5 /* Release */,
			);
			defaultConfigurationIsVisible = 0;
		};
		B069DD291E640DB6008FB2F5 /* Build configuration list for PBXNativeTarget "Runtime 资料归档篇UITests" */ = {
			isa = XCConfigurationList;
			buildConfigurations = (
				B069DD2A1E640DB6008FB2F5 /* Debug */,
				B069DD2B1E640DB6008FB2F5 /* Release */,
			);
			defaultConfigurationIsVisible = 0;
		};
/* End XCConfigurationList section */
	};
	rootObject = B069DCEE1E640DB5008FB2F5 /* Project object */;
}
